
Microsoft Visual Studio Solution File, Format Version 12.00
# Visual Studio 2013
VisualStudioVersion = 12.0.31101.0
MinimumVisualStudioVersion = 10.0.40219.1
Project("{FAE04EC0-301F-11D3-BF4B-00C04F79EFBC}") = "HelloNancy", "HelloNancy\HelloNancy.csproj", "{0CD5BE1A-A176-4643-A19B-34978EE2B86A}"
EndProject
Project("{2150E333-8FDC-42A3-9474-1A3956D46DE8}") = ".nuget", ".nuget", "{A1B4804A-C61F-4C35-9BD4-F06FD5C8477E}"
	ProjectSection(SolutionItems) = preProject
		.nuget\NuGet.Config = .nuget\NuGet.Config
		.nuget\NuGet.exe = .nuget\NuGet.exe
	EndProjectSection
EndProject
Project("{FAE04EC0-301F-11D3-BF4B-00C04F79EFBC}") = "ToDoNancyAspNet", "ToDoNancyAspNet\ToDoNancyAspNet.csproj", "{A96BB1BB-0F15-4CD0-BEBB-7D853EA19AC9}"
EndProject
Project("{FAE04EC0-301F-11D3-BF4B-00C04F79EFBC}") = "ToDoNancyTests", "ToDoNancyTests\ToDoNancyTests.csproj", "{84757D44-2622-490B-8038-5DA6FA469D04}"
EndProject
Project("{FAE04EC0-301F-11D3-BF4B-00C04F79EFBC}") = "ToDoNancy", "ToDoNancy\ToDoNancy.csproj", "{56105640-276D-440C-A680-871AB17BA47F}"
EndProject
Project("{FAE04EC0-301F-11D3-BF4B-00C04F79EFBC}") = "ToDoNancySelfHost", "ToDoNancySelfHost\ToDoNancySelfHost.csproj", "{7FC06DEB-A245-4E60-AC4A-C179437DB291}"
EndProject
Global
	GlobalSection(SolutionConfigurationPlatforms) = preSolution
		Debug|Any CPU = Debug|Any CPU
		Release|Any CPU = Release|Any CPU
	EndGlobalSection
	GlobalSection(ProjectConfigurationPlatforms) = postSolution
		{0CD5BE1A-A176-4643-A19B-34978EE2B86A}.Debug|Any CPU.ActiveCfg = Debug|Any CPU
		{0CD5BE1A-A176-4643-A19B-34978EE2B86A}.Debug|Any CPU.Build.0 = Debug|Any CPU
		{0CD5BE1A-A176-4643-A19B-34978EE2B86A}.Release|Any CPU.ActiveCfg = Release|Any CPU
		{0CD5BE1A-A176-4643-A19B-34978EE2B86A}.Release|Any CPU.Build.0 = Release|Any CPU
		{A96BB1BB-0F15-4CD0-BEBB-7D853EA19AC9}.Debug|Any CPU.ActiveCfg = Debug|Any CPU
		{A96BB1BB-0F15-4CD0-BEBB-7D853EA19AC9}.Debug|Any CPU.Build.0 = Debug|Any CPU
		{A96BB1BB-0F15-4CD0-BEBB-7D853EA19AC9}.Release|Any CPU.ActiveCfg = Release|Any CPU
		{A96BB1BB-0F15-4CD0-BEBB-7D853EA19AC9}.Release|Any CPU.Build.0 = Release|Any CPU
		{84757D44-2622-490B-8038-5DA6FA469D04}.Debug|Any CPU.ActiveCfg = Debug|Any CPU
		{84757D44-2622-490B-8038-5DA6FA469D04}.Debug|Any CPU.Build.0 = Debug|Any CPU
		{84757D44-2622-490B-8038-5DA6FA469D04}.Release|Any CPU.ActiveCfg = Release|Any CPU
		{84757D44-2622-490B-8038-5DA6FA469D04}.Release|Any CPU.Build.0 = Release|Any CPU
		{56105640-276D-440C-A680-871AB17BA47F}.Debug|Any CPU.ActiveCfg = Debug|Any CPU
		{56105640-276D-440C-A680-871AB17BA47F}.Debug|Any CPU.Build.0 = Debug|Any CPU
		{56105640-276D-440C-A680-871AB17BA47F}.Release|Any CPU.ActiveCfg = Release|Any CPU
		{56105640-276D-440C-A680-871AB17BA47F}.Release|Any CPU.Build.0 = Release|Any CPU
		{7FC06DEB-A245-4E60-AC4A-C179437DB291}.Debug|Any CPU.ActiveCfg = Debug|Any CPU
		{7FC06DEB-A245-4E60-AC4A-C179437DB291}.Debug|Any CPU.Build.0 = Debug|Any CPU
		{7FC06DEB-A245-4E60-AC4A-C179437DB291}.Release|Any CPU.ActiveCfg = Release|Any CPU
		{7FC06DEB-A245-4E60-AC4A-C179437DB291}.Release|Any CPU.Build.0 = Release|Any CPU
	EndGlobalSection
	GlobalSection(SolutionProperties) = preSolution
		HideSolutionNode = FALSE
	EndGlobalSection
EndGlobal
